
Microsoft Visual Studio Solution File, Format Version 12.00
# Visual Studio 15
VisualStudioVersion = 15.0.26730.12
MinimumVisualStudioVersion = 10.0.40219.1
Project("{FAE04EC0-301F-11D3-BF4B-00C04F79EFBC}") = "ToCteView", "ToCteView\ToCteView.csproj", "{534BBEF7-4E20-4756-A587-CABE3B852300}"
EndProject
Project("{FAE04EC0-301F-11D3-BF4B-00C04F79EFBC}") = "ToSelectValues", "ToSelectValues\ToSelectValues.csproj", "{197541B7-91B0-484B-9177-7AF80E2296FF}"
EndProject
Global
	GlobalSection(SolutionConfigurationPlatforms) = preSolution
		Debug|Any CPU = Debug|Any CPU
		Release|Any CPU = Release|Any CPU
	EndGlobalSection
	GlobalSection(ProjectConfigurationPlatforms) = postSolution
		{534BBEF7-4E20-4756-A587-CABE3B852300}.Debug|Any CPU.ActiveCfg = Debug|Any CPU
		{534BBEF7-4E20-4756-A587-CABE3B852300}.Debug|Any CPU.Build.0 = Debug|Any CPU
		{534BBEF7-4E20-4756-A587-CABE3B852300}.Release|Any CPU.ActiveCfg = Release|Any CPU
		{534BBEF7-4E20-4756-A587-CABE3B852300}.Release|Any CPU.Build.0 = Release|Any CPU
		{197541B7-91B0-484B-9177-7AF80E2296FF}.Debug|Any CPU.ActiveCfg = Debug|Any CPU
		{197541B7-91B0-484B-9177-7AF80E2296FF}.Debug|Any CPU.Build.0 = Debug|Any CPU
		{197541B7-91B0-484B-9177-7AF80E2296FF}.Release|Any CPU.ActiveCfg = Release|Any CPU
		{197541B7-91B0-484B-9177-7AF80E2296FF}.Release|Any CPU.Build.0 = Release|Any CPU
	EndGlobalSection
	GlobalSection(SolutionProperties) = preSolution
		HideSolutionNode = FALSE
	EndGlobalSection
	GlobalSection(ExtensibilityGlobals) = postSolution
		SolutionGuid = {B1087500-B3AE-482A-AD55-A6AB6FFAF1B7}
	EndGlobalSection
EndGlobal
